
Microsoft Visual Studio Solution File, Format Version 12.00
# Visual Studio 15
VisualStudioVersion = 15.0.27130.2010
MinimumVisualStudioVersion = 10.0.40219.1
Project("{FAE04EC0-301F-11D3-BF4B-00C04F79EFBC}") = "JuegoTrivia", "JuegoTrivia\JuegoTrivia.csproj", "{FA28262B-3D38-4D7B-9999-D06E025E47BF}"
EndProject
Project("{FAE04EC0-301F-11D3-BF4B-00C04F79EFBC}") = "Main", "Main\Main.csproj", "{AB360D8C-88DA-4C7A-A161-FCB27073F1B1}"
EndProject
Project("{FAE04EC0-301F-11D3-BF4B-00C04F79EFBC}") = "Entidades", "Entidades\Entidades.csproj", "{2145C7FB-849B-43CC-B1AA-6DCC7F7899A2}"
EndProject
Project("{FAE04EC0-301F-11D3-BF4B-00C04F79EFBC}") = "PreguntasTest", "PreguntasTest\PreguntasTest.csproj", "{B7822FC6-F6C0-4433-8D21-45774548E9F5}"
EndProject
Global
	GlobalSection(SolutionConfigurationPlatforms) = preSolution
		Debug|Any CPU = Debug|Any CPU
		Release|Any CPU = Release|Any CPU
	EndGlobalSection
	GlobalSection(ProjectConfigurationPlatforms) = postSolution
		{FA28262B-3D38-4D7B-9999-D06E025E47BF}.Debug|Any CPU.ActiveCfg = Debug|Any CPU
		{FA28262B-3D38-4D7B-9999-D06E025E47BF}.Debug|Any CPU.Build.0 = Debug|Any CPU
		{FA28262B-3D38-4D7B-9999-D06E025E47BF}.Release|Any CPU.ActiveCfg = Release|Any CPU
		{FA28262B-3D38-4D7B-9999-D06E025E47BF}.Release|Any CPU.Build.0 = Release|Any CPU
		{AB360D8C-88DA-4C7A-A161-FCB27073F1B1}.Debug|Any CPU.ActiveCfg = Debug|Any CPU
		{AB360D8C-88DA-4C7A-A161-FCB27073F1B1}.Debug|Any CPU.Build.0 = Debug|Any CPU
		{AB360D8C-88DA-4C7A-A161-FCB27073F1B1}.Release|Any CPU.ActiveCfg = Release|Any CPU
		{AB360D8C-88DA-4C7A-A161-FCB27073F1B1}.Release|Any CPU.Build.0 = Release|Any CPU
		{2145C7FB-849B-43CC-B1AA-6DCC7F7899A2}.Debug|Any CPU.ActiveCfg = Debug|Any CPU
		{2145C7FB-849B-43CC-B1AA-6DCC7F7899A2}.Debug|Any CPU.Build.0 = Debug|Any CPU
		{2145C7FB-849B-43CC-B1AA-6DCC7F7899A2}.Release|Any CPU.ActiveCfg = Release|Any CPU
		{2145C7FB-849B-43CC-B1AA-6DCC7F7899A2}.Release|Any CPU.Build.0 = Release|Any CPU
		{B7822FC6-F6C0-4433-8D21-45774548E9F5}.Debug|Any CPU.ActiveCfg = Debug|Any CPU
		{B7822FC6-F6C0-4433-8D21-45774548E9F5}.Debug|Any CPU.Build.0 = Debug|Any CPU
		{B7822FC6-F6C0-4433-8D21-45774548E9F5}.Release|Any CPU.ActiveCfg = Release|Any CPU
		{B7822FC6-F6C0-4433-8D21-45774548E9F5}.Release|Any CPU.Build.0 = Release|Any CPU
	EndGlobalSection
	GlobalSection(SolutionProperties) = preSolution
		HideSolutionNode = FALSE
	EndGlobalSection
	GlobalSection(ExtensibilityGlobals) = postSolution
		SolutionGuid = {82E3AAE2-89C5-4A24-99AF-5B51B8DE99C1}
	EndGlobalSection
EndGlobal
